// !$*UTF8*$!
{
	archiveVersion = 1;
	classes = {
	};
	objectVersion = 55;
	objects = {

/* Begin PBXBuildFile section */
		B64AA59A2789393D001D16BB /* SearchRepositoryResponse.swift in Sources */ = {isa = PBXBuildFile; fileRef = B64AA5992789393D001D16BB /* SearchRepositoryResponse.swift */; };
		B64AA59C27893B49001D16BB /* RepositoryListState.swift in Sources */ = {isa = PBXBuildFile; fileRef = B64AA59B27893B49001D16BB /* RepositoryListState.swift */; };
		B64AA59E278969E0001D16BB /* Repository.swift in Sources */ = {isa = PBXBuildFile; fileRef = B64AA59D278969E0001D16BB /* Repository.swift */; };
		B64AA5A027896A1C001D16BB /* User.swift in Sources */ = {isa = PBXBuildFile; fileRef = B64AA59F27896A1C001D16BB /* User.swift */; };
		B64AA5A527898594001D16BB /* APIResponse.swift in Sources */ = {isa = PBXBuildFile; fileRef = B64AA5A427898594001D16BB /* APIResponse.swift */; };
		B64AA5AC2789BAB1001D16BB /* Error+.swift in Sources */ = {isa = PBXBuildFile; fileRef = B64AA5AB2789BAB1001D16BB /* Error+.swift */; };
		B64AA5AE2789D318001D16BB /* Array+.swift in Sources */ = {isa = PBXBuildFile; fileRef = B64AA5AD2789D318001D16BB /* Array+.swift */; };
		B64F12082785DAD3001C5AB0 /* RepositoryListStore.swift in Sources */ = {isa = PBXBuildFile; fileRef = B64F12072785DAD3001C5AB0 /* RepositoryListStore.swift */; };
		B64F120A2785DAEB001C5AB0 /* RepositoryListDispatcher.swift in Sources */ = {isa = PBXBuildFile; fileRef = B64F12092785DAEA001C5AB0 /* RepositoryListDispatcher.swift */; };
		B64F120C2785DB00001C5AB0 /* RepositoryListActionCreator.swift in Sources */ = {isa = PBXBuildFile; fileRef = B64F120B2785DB00001C5AB0 /* RepositoryListActionCreator.swift */; };
		B64F120E2785DB18001C5AB0 /* RepositoryListAction.swift in Sources */ = {isa = PBXBuildFile; fileRef = B64F120D2785DB18001C5AB0 /* RepositoryListAction.swift */; };
		B64F12112785E76E001C5AB0 /* APIRepository.swift in Sources */ = {isa = PBXBuildFile; fileRef = B64F12102785E76E001C5AB0 /* APIRepository.swift */; };
		B64F12132785E798001C5AB0 /* APIError.swift in Sources */ = {isa = PBXBuildFile; fileRef = B64F12122785E798001C5AB0 /* APIError.swift */; };
		B64F12152785E7E3001C5AB0 /* SearchRepositoryRequest.swift in Sources */ = {isa = PBXBuildFile; fileRef = B64F12142785E7E3001C5AB0 /* SearchRepositoryRequest.swift */; };
		B64F12172785E9B5001C5AB0 /* RepositoryListRow.swift in Sources */ = {isa = PBXBuildFile; fileRef = B64F12162785E9B5001C5AB0 /* RepositoryListRow.swift */; };
		B64F12192785E9DE001C5AB0 /* RepositoryOwnerWebView.swift in Sources */ = {isa = PBXBuildFile; fileRef = B64F12182785E9DE001C5AB0 /* RepositoryOwnerWebView.swift */; };
		B64F12212785F553001C5AB0 /* APIRequestable.swift in Sources */ = {isa = PBXBuildFile; fileRef = B64F12202785F553001C5AB0 /* APIRequestable.swift */; };
		B64F12242785FA52001C5AB0 /* Json in Frameworks */ = {isa = PBXBuildFile; productRef = B64F12232785FA52001C5AB0 /* Json */; };
		B64F12262785FA52001C5AB0 /* Request in Frameworks */ = {isa = PBXBuildFile; productRef = B64F12252785FA52001C5AB0 /* Request */; };
		B64F122A27860E7E001C5AB0 /* WebView.swift in Sources */ = {isa = PBXBuildFile; fileRef = B64F122927860E7E001C5AB0 /* WebView.swift */; };
		B6593A4227873C4F00592E77 /* SearchNavigation.swift in Sources */ = {isa = PBXBuildFile; fileRef = B6593A4127873C4F00592E77 /* SearchNavigation.swift */; };
		B66DCC292780A209007663D6 /* PCSwiftUIApp.swift in Sources */ = {isa = PBXBuildFile; fileRef = B66DCC282780A209007663D6 /* PCSwiftUIApp.swift */; };
		B66DCC2B2780A209007663D6 /* RepositoryListView.swift in Sources */ = {isa = PBXBuildFile; fileRef = B66DCC2A2780A209007663D6 /* RepositoryListView.swift */; };
		B66DCC2D2780A20B007663D6 /* Assets.xcassets in Resources */ = {isa = PBXBuildFile; fileRef = B66DCC2C2780A20B007663D6 /* Assets.xcassets */; };
		B66DCC302780A20B007663D6 /* Preview Assets.xcassets in Resources */ = {isa = PBXBuildFile; fileRef = B66DCC2F2780A20B007663D6 /* Preview Assets.xcassets */; };
		B66DCC3A2780A20C007663D6 /* PCSwiftUITests.swift in Sources */ = {isa = PBXBuildFile; fileRef = B66DCC392780A20C007663D6 /* PCSwiftUITests.swift */; };
		B66DCC442780A20C007663D6 /* PCSwiftUIUITests.swift in Sources */ = {isa = PBXBuildFile; fileRef = B66DCC432780A20C007663D6 /* PCSwiftUIUITests.swift */; };
		B66DCC462780A20C007663D6 /* PCSwiftUIUITestsLaunchTests.swift in Sources */ = {isa = PBXBuildFile; fileRef = B66DCC452780A20C007663D6 /* PCSwiftUIUITestsLaunchTests.swift */; };
		FC8C942C2786896F000E81AF /* Injected.swift in Sources */ = {isa = PBXBuildFile; fileRef = FC8C942B2786896F000E81AF /* Injected.swift */; };
		FC8C942E27868980000E81AF /* InjectedValues.swift in Sources */ = {isa = PBXBuildFile; fileRef = FC8C942D27868980000E81AF /* InjectedValues.swift */; };
		FC8C94302786898F000E81AF /* InjectionKey.swift in Sources */ = {isa = PBXBuildFile; fileRef = FC8C942F2786898F000E81AF /* InjectionKey.swift */; };
		FC8C943627868A84000E81AF /* APIRepositoryProviderKey.swift in Sources */ = {isa = PBXBuildFile; fileRef = FC8C943527868A84000E81AF /* APIRepositoryProviderKey.swift */; };
/* End PBXBuildFile section */

/* Begin PBXContainerItemProxy section */
		B66DCC362780A20C007663D6 /* PBXContainerItemProxy */ = {
			isa = PBXContainerItemProxy;
			containerPortal = B66DCC1D2780A209007663D6 /* Project object */;
			proxyType = 1;
			remoteGlobalIDString = B66DCC242780A209007663D6;
			remoteInfo = PCSwiftUI;
		};
		B66DCC402780A20C007663D6 /* PBXContainerItemProxy */ = {
			isa = PBXContainerItemProxy;
			containerPortal = B66DCC1D2780A209007663D6 /* Project object */;
			proxyType = 1;
			remoteGlobalIDString = B66DCC242780A209007663D6;
			remoteInfo = PCSwiftUI;
		};
/* End PBXContainerItemProxy section */

/* Begin PBXFileReference section */
		B64AA5992789393D001D16BB /* SearchRepositoryResponse.swift */ = {isa = PBXFileReference; lastKnownFileType = sourcecode.swift; path = SearchRepositoryResponse.swift; sourceTree = "<group>"; };
		B64AA59B27893B49001D16BB /* RepositoryListState.swift */ = {isa = PBXFileReference; lastKnownFileType = sourcecode.swift; path = RepositoryListState.swift; sourceTree = "<group>"; };
		B64AA59D278969E0001D16BB /* Repository.swift */ = {isa = PBXFileReference; lastKnownFileType = sourcecode.swift; path = Repository.swift; sourceTree = "<group>"; };
		B64AA59F27896A1C001D16BB /* User.swift */ = {isa = PBXFileReference; lastKnownFileType = sourcecode.swift; path = User.swift; sourceTree = "<group>"; };
		B64AA5A427898594001D16BB /* APIResponse.swift */ = {isa = PBXFileReference; lastKnownFileType = sourcecode.swift; path = APIResponse.swift; sourceTree = "<group>"; };
		B64AA5AB2789BAB1001D16BB /* Error+.swift */ = {isa = PBXFileReference; lastKnownFileType = sourcecode.swift; path = "Error+.swift"; sourceTree = "<group>"; };
		B64AA5AD2789D318001D16BB /* Array+.swift */ = {isa = PBXFileReference; lastKnownFileType = sourcecode.swift; path = "Array+.swift"; sourceTree = "<group>"; };
		B64F11FB2785C9F2001C5AB0 /* Project.Base.xcconfig */ = {isa = PBXFileReference; lastKnownFileType = text.xcconfig; path = Project.Base.xcconfig; sourceTree = "<group>"; };
		B64F11FC2785CA20001C5AB0 /* Project.Debug.xcconfig */ = {isa = PBXFileReference; lastKnownFileType = text.xcconfig; path = Project.Debug.xcconfig; sourceTree = "<group>"; };
		B64F11FD2785CA6E001C5AB0 /* Project.Release.xcconfig */ = {isa = PBXFileReference; lastKnownFileType = text.xcconfig; path = Project.Release.xcconfig; sourceTree = "<group>"; };
		B64F12072785DAD3001C5AB0 /* RepositoryListStore.swift */ = {isa = PBXFileReference; lastKnownFileType = sourcecode.swift; path = RepositoryListStore.swift; sourceTree = "<group>"; };
		B64F12092785DAEA001C5AB0 /* RepositoryListDispatcher.swift */ = {isa = PBXFileReference; lastKnownFileType = sourcecode.swift; path = RepositoryListDispatcher.swift; sourceTree = "<group>"; };
		B64F120B2785DB00001C5AB0 /* RepositoryListActionCreator.swift */ = {isa = PBXFileReference; lastKnownFileType = sourcecode.swift; path = RepositoryListActionCreator.swift; sourceTree = "<group>"; };
		B64F120D2785DB18001C5AB0 /* RepositoryListAction.swift */ = {isa = PBXFileReference; lastKnownFileType = sourcecode.swift; path = RepositoryListAction.swift; sourceTree = "<group>"; };
		B64F12102785E76E001C5AB0 /* APIRepository.swift */ = {isa = PBXFileReference; lastKnownFileType = sourcecode.swift; path = APIRepository.swift; sourceTree = "<group>"; };
		B64F12122785E798001C5AB0 /* APIError.swift */ = {isa = PBXFileReference; lastKnownFileType = sourcecode.swift; path = APIError.swift; sourceTree = "<group>"; };
		B64F12142785E7E3001C5AB0 /* SearchRepositoryRequest.swift */ = {isa = PBXFileReference; lastKnownFileType = sourcecode.swift; path = SearchRepositoryRequest.swift; sourceTree = "<group>"; };
		B64F12162785E9B5001C5AB0 /* RepositoryListRow.swift */ = {isa = PBXFileReference; lastKnownFileType = sourcecode.swift; path = RepositoryListRow.swift; sourceTree = "<group>"; };
		B64F12182785E9DE001C5AB0 /* RepositoryOwnerWebView.swift */ = {isa = PBXFileReference; lastKnownFileType = sourcecode.swift; path = RepositoryOwnerWebView.swift; sourceTree = "<group>"; };
		B64F12202785F553001C5AB0 /* APIRequestable.swift */ = {isa = PBXFileReference; lastKnownFileType = sourcecode.swift; path = APIRequestable.swift; sourceTree = "<group>"; };
		B64F122927860E7E001C5AB0 /* WebView.swift */ = {isa = PBXFileReference; lastKnownFileType = sourcecode.swift; path = WebView.swift; sourceTree = "<group>"; };
		B6593A4127873C4F00592E77 /* SearchNavigation.swift */ = {isa = PBXFileReference; lastKnownFileType = sourcecode.swift; path = SearchNavigation.swift; sourceTree = "<group>"; };
		B66DCC252780A209007663D6 /* PCSwiftUI.app */ = {isa = PBXFileReference; explicitFileType = wrapper.application; includeInIndex = 0; path = PCSwiftUI.app; sourceTree = BUILT_PRODUCTS_DIR; };
		B66DCC282780A209007663D6 /* PCSwiftUIApp.swift */ = {isa = PBXFileReference; lastKnownFileType = sourcecode.swift; path = PCSwiftUIApp.swift; sourceTree = "<group>"; };
		B66DCC2A2780A209007663D6 /* RepositoryListView.swift */ = {isa = PBXFileReference; lastKnownFileType = sourcecode.swift; path = RepositoryListView.swift; sourceTree = "<group>"; };
		B66DCC2C2780A20B007663D6 /* Assets.xcassets */ = {isa = PBXFileReference; lastKnownFileType = folder.assetcatalog; path = Assets.xcassets; sourceTree = "<group>"; };
		B66DCC2F2780A20B007663D6 /* Preview Assets.xcassets */ = {isa = PBXFileReference; lastKnownFileType = folder.assetcatalog; path = "Preview Assets.xcassets"; sourceTree = "<group>"; };
		B66DCC352780A20C007663D6 /* PCSwiftUITests.xctest */ = {isa = PBXFileReference; explicitFileType = wrapper.cfbundle; includeInIndex = 0; path = PCSwiftUITests.xctest; sourceTree = BUILT_PRODUCTS_DIR; };
		B66DCC392780A20C007663D6 /* PCSwiftUITests.swift */ = {isa = PBXFileReference; lastKnownFileType = sourcecode.swift; path = PCSwiftUITests.swift; sourceTree = "<group>"; };
		B66DCC3F2780A20C007663D6 /* PCSwiftUIUITests.xctest */ = {isa = PBXFileReference; explicitFileType = wrapper.cfbundle; includeInIndex = 0; path = PCSwiftUIUITests.xctest; sourceTree = BUILT_PRODUCTS_DIR; };
		B66DCC432780A20C007663D6 /* PCSwiftUIUITests.swift */ = {isa = PBXFileReference; lastKnownFileType = sourcecode.swift; path = PCSwiftUIUITests.swift; sourceTree = "<group>"; };
		B66DCC452780A20C007663D6 /* PCSwiftUIUITestsLaunchTests.swift */ = {isa = PBXFileReference; lastKnownFileType = sourcecode.swift; path = PCSwiftUIUITestsLaunchTests.swift; sourceTree = "<group>"; };
		FC8C942B2786896F000E81AF /* Injected.swift */ = {isa = PBXFileReference; lastKnownFileType = sourcecode.swift; path = Injected.swift; sourceTree = "<group>"; };
		FC8C942D27868980000E81AF /* InjectedValues.swift */ = {isa = PBXFileReference; lastKnownFileType = sourcecode.swift; path = InjectedValues.swift; sourceTree = "<group>"; };
		FC8C942F2786898F000E81AF /* InjectionKey.swift */ = {isa = PBXFileReference; lastKnownFileType = sourcecode.swift; path = InjectionKey.swift; sourceTree = "<group>"; };
		FC8C943527868A84000E81AF /* APIRepositoryProviderKey.swift */ = {isa = PBXFileReference; lastKnownFileType = sourcecode.swift; path = APIRepositoryProviderKey.swift; sourceTree = "<group>"; };
/* End PBXFileReference section */

/* Begin PBXFrameworksBuildPhase section */
		B66DCC222780A209007663D6 /* Frameworks */ = {
			isa = PBXFrameworksBuildPhase;
			buildActionMask = 2147483647;
			files = (
				B64F12262785FA52001C5AB0 /* Request in Frameworks */,
				B64F12242785FA52001C5AB0 /* Json in Frameworks */,
			);
			runOnlyForDeploymentPostprocessing = 0;
		};
		B66DCC322780A20C007663D6 /* Frameworks */ = {
			isa = PBXFrameworksBuildPhase;
			buildActionMask = 2147483647;
			files = (
			);
			runOnlyForDeploymentPostprocessing = 0;
		};
		B66DCC3C2780A20C007663D6 /* Frameworks */ = {
			isa = PBXFrameworksBuildPhase;
			buildActionMask = 2147483647;
			files = (
			);
			runOnlyForDeploymentPostprocessing = 0;
		};
/* End PBXFrameworksBuildPhase section */

/* Begin PBXGroup section */
		B64AA596278938A8001D16BB /* State */ = {
			isa = PBXGroup;
			children = (
				B64F121E2785EE04001C5AB0 /* RepositoryList */,
			);
			path = State;
			sourceTree = "<group>";
		};
		B64AA5A127897C20001D16BB /* WebView */ = {
			isa = PBXGroup;
			children = (
				B64F122927860E7E001C5AB0 /* WebView.swift */,
			);
			path = WebView;
			sourceTree = "<group>";
		};
		B64AA5A227897CFC001D16BB /* UIViewControllerRepresentable */ = {
			isa = PBXGroup;
			children = (
				B6593A3C278728E300592E77 /* SearchNavigation */,
			);
			path = UIViewControllerRepresentable;
			sourceTree = "<group>";
		};
		B64AA5A327897D0D001D16BB /* UIViewRepresentable */ = {
			isa = PBXGroup;
			children = (
				B64AA5A127897C20001D16BB /* WebView */,
			);
			path = UIViewRepresentable;
			sourceTree = "<group>";
		};
		B64AA5A627898E0C001D16BB /* Extension */ = {
			isa = PBXGroup;
			children = (
				B64AA5AD2789D318001D16BB /* Array+.swift */,
				B64AA5AB2789BAB1001D16BB /* Error+.swift */,
			);
			path = Extension;
			sourceTree = "<group>";
		};
		B64F11F22785C93C001C5AB0 /* Flux */ = {
			isa = PBXGroup;
			children = (
				B64F12062785DACD001C5AB0 /* RepositoryList */,
			);
			path = Flux;
			sourceTree = "<group>";
		};
		B64F11F32785C943001C5AB0 /* Models */ = {
			isa = PBXGroup;
			children = (
				B64AA596278938A8001D16BB /* State */,
			);
			path = Models;
			sourceTree = "<group>";
		};
		B64F11F42785C94F001C5AB0 /* Views */ = {
			isa = PBXGroup;
			children = (
				B64F122727860E6A001C5AB0 /* Common */,
				B64F121D2785EDE1001C5AB0 /* RepositoryList */,
				B6593A3A27871EA200592E77 /* RepositoryOwner */,
			);
			path = Views;
			sourceTree = "<group>";
		};
		B64F11F52785C9B4001C5AB0 /* Resources */ = {
			isa = PBXGroup;
			children = (
				B64F11F62785C9B4001C5AB0 /* Assets */,
				B66DCC2E2780A20B007663D6 /* Preview Content */,
			);
			path = Resources;
			sourceTree = "<group>";
		};
		B64F11F62785C9B4001C5AB0 /* Assets */ = {
			isa = PBXGroup;
			children = (
				B66DCC2C2780A20B007663D6 /* Assets.xcassets */,
			);
			path = Assets;
			sourceTree = "<group>";
		};
		B64F11FA2785C9D0001C5AB0 /* Configs */ = {
			isa = PBXGroup;
			children = (
				B64F11FB2785C9F2001C5AB0 /* Project.Base.xcconfig */,
				B64F11FC2785CA20001C5AB0 /* Project.Debug.xcconfig */,
				B64F11FD2785CA6E001C5AB0 /* Project.Release.xcconfig */,
			);
			path = Configs;
			sourceTree = "<group>";
		};
		B64F12062785DACD001C5AB0 /* RepositoryList */ = {
			isa = PBXGroup;
			children = (
				B64F120D2785DB18001C5AB0 /* RepositoryListAction.swift */,
				B64F120B2785DB00001C5AB0 /* RepositoryListActionCreator.swift */,
				B64F12092785DAEA001C5AB0 /* RepositoryListDispatcher.swift */,
				B64F12072785DAD3001C5AB0 /* RepositoryListStore.swift */,
			);
			path = RepositoryList;
			sourceTree = "<group>";
		};
		B64F120F2785E48A001C5AB0 /* Repositories */ = {
			isa = PBXGroup;
			children = (
				B64F121A2785EBFC001C5AB0 /* API */,
				B64AA5A627898E0C001D16BB /* Extension */,
			);
			path = Repositories;
			sourceTree = "<group>";
		};
		B64F121A2785EBFC001C5AB0 /* API */ = {
			isa = PBXGroup;
			children = (
				B64F121B2785EC04001C5AB0 /* Common */,
				B64F121C2785EC19001C5AB0 /* SearchRepository */,
			);
			path = API;
			sourceTree = "<group>";
		};
		B64F121B2785EC04001C5AB0 /* Common */ = {
			isa = PBXGroup;
			children = (
				B64F12122785E798001C5AB0 /* APIError.swift */,
				B64F12102785E76E001C5AB0 /* APIRepository.swift */,
				B64F12202785F553001C5AB0 /* APIRequestable.swift */,
				B64AA5A427898594001D16BB /* APIResponse.swift */,
			);
			path = Common;
			sourceTree = "<group>";
		};
		B64F121C2785EC19001C5AB0 /* SearchRepository */ = {
			isa = PBXGroup;
			children = (
				B64F12142785E7E3001C5AB0 /* SearchRepositoryRequest.swift */,
				B64AA5992789393D001D16BB /* SearchRepositoryResponse.swift */,
			);
			path = SearchRepository;
			sourceTree = "<group>";
		};
		B64F121D2785EDE1001C5AB0 /* RepositoryList */ = {
			isa = PBXGroup;
			children = (
				B64F12162785E9B5001C5AB0 /* RepositoryListRow.swift */,
				B66DCC2A2780A209007663D6 /* RepositoryListView.swift */,
			);
			path = RepositoryList;
			sourceTree = "<group>";
		};
		B64F121E2785EE04001C5AB0 /* RepositoryList */ = {
			isa = PBXGroup;
			children = (
				B64AA59D278969E0001D16BB /* Repository.swift */,
				B64AA59B27893B49001D16BB /* RepositoryListState.swift */,
				B64AA59F27896A1C001D16BB /* User.swift */,
			);
			path = RepositoryList;
			sourceTree = "<group>";
		};
		B64F121F2785EF45001C5AB0 /* Application */ = {
			isa = PBXGroup;
			children = (
				B66DCC282780A209007663D6 /* PCSwiftUIApp.swift */,
			);
			path = Application;
			sourceTree = "<group>";
		};
		B64F122727860E6A001C5AB0 /* Common */ = {
			isa = PBXGroup;
			children = (
				B64F122827860E74001C5AB0 /* Representable */,
			);
			path = Common;
			sourceTree = "<group>";
		};
		B64F122827860E74001C5AB0 /* Representable */ = {
			isa = PBXGroup;
			children = (
				B64AA5A327897D0D001D16BB /* UIViewRepresentable */,
				B64AA5A227897CFC001D16BB /* UIViewControllerRepresentable */,
			);
			path = Representable;
			sourceTree = "<group>";
		};
		B6593A3A27871EA200592E77 /* RepositoryOwner */ = {
			isa = PBXGroup;
			children = (
				B64F12182785E9DE001C5AB0 /* RepositoryOwnerWebView.swift */,
			);
			path = RepositoryOwner;
			sourceTree = "<group>";
		};
		B6593A3C278728E300592E77 /* SearchNavigation */ = {
			isa = PBXGroup;
			children = (
				B6593A4127873C4F00592E77 /* SearchNavigation.swift */,
			);
			path = SearchNavigation;
			sourceTree = "<group>";
		};
		B66DCC1C2780A209007663D6 = {
			isa = PBXGroup;
			children = (
				B64F11FA2785C9D0001C5AB0 /* Configs */,
				B66DCC272780A209007663D6 /* PCSwiftUI */,
				B66DCC382780A20C007663D6 /* PCSwiftUITests */,
				B66DCC422780A20C007663D6 /* PCSwiftUIUITests */,
				B66DCC262780A209007663D6 /* Products */,
			);
			sourceTree = "<group>";
		};
		B66DCC262780A209007663D6 /* Products */ = {
			isa = PBXGroup;
			children = (
				B66DCC252780A209007663D6 /* PCSwiftUI.app */,
				B66DCC352780A20C007663D6 /* PCSwiftUITests.xctest */,
				B66DCC3F2780A20C007663D6 /* PCSwiftUIUITests.xctest */,
			);
			name = Products;
			sourceTree = "<group>";
		};
		B66DCC272780A209007663D6 /* PCSwiftUI */ = {
			isa = PBXGroup;
			children = (
				B64F121F2785EF45001C5AB0 /* Application */,
				FC8C9431278689A9000E81AF /* DependencyInjection */,
				B64F11F22785C93C001C5AB0 /* Flux */,
				B64F11F32785C943001C5AB0 /* Models */,
				FC8C942927868947000E81AF /* PropertyWrapper */,
				B64F120F2785E48A001C5AB0 /* Repositories */,
				B64F11F52785C9B4001C5AB0 /* Resources */,
				B64F11F42785C94F001C5AB0 /* Views */,
			);
			path = PCSwiftUI;
			sourceTree = "<group>";
		};
		B66DCC2E2780A20B007663D6 /* Preview Content */ = {
			isa = PBXGroup;
			children = (
				B66DCC2F2780A20B007663D6 /* Preview Assets.xcassets */,
			);
			path = "Preview Content";
			sourceTree = "<group>";
		};
		B66DCC382780A20C007663D6 /* PCSwiftUITests */ = {
			isa = PBXGroup;
			children = (
				B66DCC392780A20C007663D6 /* PCSwiftUITests.swift */,
			);
			path = PCSwiftUITests;
			sourceTree = "<group>";
		};
		B66DCC422780A20C007663D6 /* PCSwiftUIUITests */ = {
			isa = PBXGroup;
			children = (
				B66DCC432780A20C007663D6 /* PCSwiftUIUITests.swift */,
				B66DCC452780A20C007663D6 /* PCSwiftUIUITestsLaunchTests.swift */,
			);
			path = PCSwiftUIUITests;
			sourceTree = "<group>";
		};
		FC8C942927868947000E81AF /* PropertyWrapper */ = {
			isa = PBXGroup;
			children = (
				FC8C942A2786894E000E81AF /* Injected */,
			);
			path = PropertyWrapper;
			sourceTree = "<group>";
		};
		FC8C942A2786894E000E81AF /* Injected */ = {
			isa = PBXGroup;
			children = (
				FC8C942B2786896F000E81AF /* Injected.swift */,
				FC8C942D27868980000E81AF /* InjectedValues.swift */,
				FC8C942F2786898F000E81AF /* InjectionKey.swift */,
			);
			path = Injected;
			sourceTree = "<group>";
		};
		FC8C9431278689A9000E81AF /* DependencyInjection */ = {
			isa = PBXGroup;
			children = (
				FC8C9432278689B5000E81AF /* Repositories */,
			);
			path = DependencyInjection;
			sourceTree = "<group>";
		};
		FC8C9432278689B5000E81AF /* Repositories */ = {
			isa = PBXGroup;
			children = (
				FC8C9433278689CE000E81AF /* API */,
			);
			path = Repositories;
			sourceTree = "<group>";
		};
		FC8C9433278689CE000E81AF /* API */ = {
			isa = PBXGroup;
			children = (
				FC8C9434278689D7000E81AF /* Common */,
			);
			path = API;
			sourceTree = "<group>";
		};
		FC8C9434278689D7000E81AF /* Common */ = {
			isa = PBXGroup;
			children = (
				FC8C943527868A84000E81AF /* APIRepositoryProviderKey.swift */,
			);
			path = Common;
			sourceTree = "<group>";
		};
/* End PBXGroup section */

/* Begin PBXNativeTarget section */
		B66DCC242780A209007663D6 /* PCSwiftUI */ = {
			isa = PBXNativeTarget;
			buildConfigurationList = B66DCC492780A20C007663D6 /* Build configuration list for PBXNativeTarget "PCSwiftUI" */;
			buildPhases = (
				B66DCC212780A209007663D6 /* Sources */,
				B66DCC222780A209007663D6 /* Frameworks */,
				B66DCC232780A209007663D6 /* Resources */,
				FCD2E0852786B1C4009F50EF /* swift-format */,
			);
			buildRules = (
			);
			dependencies = (
			);
			name = PCSwiftUI;
			packageProductDependencies = (
				B64F12232785FA52001C5AB0 /* Json */,
				B64F12252785FA52001C5AB0 /* Request */,
			);
			productName = PCSwiftUI;
			productReference = B66DCC252780A209007663D6 /* PCSwiftUI.app */;
			productType = "com.apple.product-type.application";
		};
		B66DCC342780A20C007663D6 /* PCSwiftUITests */ = {
			isa = PBXNativeTarget;
			buildConfigurationList = B66DCC4C2780A20C007663D6 /* Build configuration list for PBXNativeTarget "PCSwiftUITests" */;
			buildPhases = (
				B66DCC312780A20C007663D6 /* Sources */,
				B66DCC322780A20C007663D6 /* Frameworks */,
				B66DCC332780A20C007663D6 /* Resources */,
			);
			buildRules = (
			);
			dependencies = (
				B66DCC372780A20C007663D6 /* PBXTargetDependency */,
			);
			name = PCSwiftUITests;
			productName = PCSwiftUITests;
			productReference = B66DCC352780A20C007663D6 /* PCSwiftUITests.xctest */;
			productType = "com.apple.product-type.bundle.unit-test";
		};
		B66DCC3E2780A20C007663D6 /* PCSwiftUIUITests */ = {
			isa = PBXNativeTarget;
			buildConfigurationList = B66DCC4F2780A20C007663D6 /* Build configuration list for PBXNativeTarget "PCSwiftUIUITests" */;
			buildPhases = (
				B66DCC3B2780A20C007663D6 /* Sources */,
				B66DCC3C2780A20C007663D6 /* Frameworks */,
				B66DCC3D2780A20C007663D6 /* Resources */,
			);
			buildRules = (
			);
			dependencies = (
				B66DCC412780A20C007663D6 /* PBXTargetDependency */,
			);
			name = PCSwiftUIUITests;
			productName = PCSwiftUIUITests;
			productReference = B66DCC3F2780A20C007663D6 /* PCSwiftUIUITests.xctest */;
			productType = "com.apple.product-type.bundle.ui-testing";
		};
/* End PBXNativeTarget section */

/* Begin PBXProject section */
		B66DCC1D2780A209007663D6 /* Project object */ = {
			isa = PBXProject;
			attributes = {
				BuildIndependentTargetsInParallel = 1;
				LastSwiftUpdateCheck = 1300;
				LastUpgradeCheck = 1300;
				TargetAttributes = {
					B66DCC242780A209007663D6 = {
						CreatedOnToolsVersion = 13.0;
					};
					B66DCC342780A20C007663D6 = {
						CreatedOnToolsVersion = 13.0;
						TestTargetID = B66DCC242780A209007663D6;
					};
					B66DCC3E2780A20C007663D6 = {
						CreatedOnToolsVersion = 13.0;
						TestTargetID = B66DCC242780A209007663D6;
					};
				};
			};
			buildConfigurationList = B66DCC202780A209007663D6 /* Build configuration list for PBXProject "PCSwiftUI" */;
			compatibilityVersion = "Xcode 13.0";
			developmentRegion = en;
			hasScannedForEncodings = 0;
			knownRegions = (
				en,
				Base,
			);
			mainGroup = B66DCC1C2780A209007663D6;
			packageReferences = (
				B64F12222785FA52001C5AB0 /* XCRemoteSwiftPackageReference "swift-request" */,
			);
			productRefGroup = B66DCC262780A209007663D6 /* Products */;
			projectDirPath = "";
			projectRoot = "";
			targets = (
				B66DCC242780A209007663D6 /* PCSwiftUI */,
				B66DCC342780A20C007663D6 /* PCSwiftUITests */,
				B66DCC3E2780A20C007663D6 /* PCSwiftUIUITests */,
			);
		};
/* End PBXProject section */

/* Begin PBXResourcesBuildPhase section */
		B66DCC232780A209007663D6 /* Resources */ = {
			isa = PBXResourcesBuildPhase;
			buildActionMask = 2147483647;
			files = (
				B66DCC302780A20B007663D6 /* Preview Assets.xcassets in Resources */,
				B66DCC2D2780A20B007663D6 /* Assets.xcassets in Resources */,
			);
			runOnlyForDeploymentPostprocessing = 0;
		};
		B66DCC332780A20C007663D6 /* Resources */ = {
			isa = PBXResourcesBuildPhase;
			buildActionMask = 2147483647;
			files = (
			);
			runOnlyForDeploymentPostprocessing = 0;
		};
		B66DCC3D2780A20C007663D6 /* Resources */ = {
			isa = PBXResourcesBuildPhase;
			buildActionMask = 2147483647;
			files = (
			);
			runOnlyForDeploymentPostprocessing = 0;
		};
/* End PBXResourcesBuildPhase section */

/* Begin PBXShellScriptBuildPhase section */
		FCD2E0852786B1C4009F50EF /* swift-format */ = {
			isa = PBXShellScriptBuildPhase;
			buildActionMask = 2147483647;
			files = (
			);
			inputFileListPaths = (
			);
			inputPaths = (
			);
			name = "swift-format";
			outputFileListPaths = (
			);
			outputPaths = (
			);
			runOnlyForDeploymentPostprocessing = 0;
			shellPath = /bin/sh;
			shellScript = "$SRCROOT/Tools/.build/release/swift-format -r $SRCROOT/PCSwiftUI -i || true\n$SRCROOT/Tools/.build/release/swift-format -r $SRCROOT/PCSwiftUI -m lint || true\n";
		};
/* End PBXShellScriptBuildPhase section */

/* Begin PBXSourcesBuildPhase section */
		B66DCC212780A209007663D6 /* Sources */ = {
			isa = PBXSourcesBuildPhase;
			buildActionMask = 2147483647;
			files = (
				B64F120A2785DAEB001C5AB0 /* RepositoryListDispatcher.swift in Sources */,
				FC8C94302786898F000E81AF /* InjectionKey.swift in Sources */,
				B64F120C2785DB00001C5AB0 /* RepositoryListActionCreator.swift in Sources */,
				B64F12192785E9DE001C5AB0 /* RepositoryOwnerWebView.swift in Sources */,
				B66DCC2B2780A209007663D6 /* RepositoryListView.swift in Sources */,
				B64F12172785E9B5001C5AB0 /* RepositoryListRow.swift in Sources */,
				FC8C942E27868980000E81AF /* InjectedValues.swift in Sources */,
				B64AA5A527898594001D16BB /* APIResponse.swift in Sources */,
				B64F120E2785DB18001C5AB0 /* RepositoryListAction.swift in Sources */,
				B66DCC292780A209007663D6 /* PCSwiftUIApp.swift in Sources */,
				B64AA59A2789393D001D16BB /* SearchRepositoryResponse.swift in Sources */,
				B64AA5A027896A1C001D16BB /* User.swift in Sources */,
				FC8C943627868A84000E81AF /* APIRepositoryProviderKey.swift in Sources */,
				B64AA59C27893B49001D16BB /* RepositoryListState.swift in Sources */,
				B64F12112785E76E001C5AB0 /* APIRepository.swift in Sources */,
				FC8C942C2786896F000E81AF /* Injected.swift in Sources */,
				B64AA59E278969E0001D16BB /* Repository.swift in Sources */,
				B64F122A27860E7E001C5AB0 /* WebView.swift in Sources */,
				B64F12082785DAD3001C5AB0 /* RepositoryListStore.swift in Sources */,
				B6593A4227873C4F00592E77 /* SearchNavigation.swift in Sources */,
				B64AA5AC2789BAB1001D16BB /* Error+.swift in Sources */,
				B64F12152785E7E3001C5AB0 /* SearchRepositoryRequest.swift in Sources */,
				B64F12212785F553001C5AB0 /* APIRequestable.swift in Sources */,
				B64F12132785E798001C5AB0 /* APIError.swift in Sources */,
				B64AA5AE2789D318001D16BB /* Array+.swift in Sources */,
			);
			runOnlyForDeploymentPostprocessing = 0;
		};
		B66DCC312780A20C007663D6 /* Sources */ = {
			isa = PBXSourcesBuildPhase;
			buildActionMask = 2147483647;
			files = (
				B66DCC3A2780A20C007663D6 /* PCSwiftUITests.swift in Sources */,
			);
			runOnlyForDeploymentPostprocessing = 0;
		};
		B66DCC3B2780A20C007663D6 /* Sources */ = {
			isa = PBXSourcesBuildPhase;
			buildActionMask = 2147483647;
			files = (
				B66DCC442780A20C007663D6 /* PCSwiftUIUITests.swift in Sources */,
				B66DCC462780A20C007663D6 /* PCSwiftUIUITestsLaunchTests.swift in Sources */,
			);
			runOnlyForDeploymentPostprocessing = 0;
		};
/* End PBXSourcesBuildPhase section */

/* Begin PBXTargetDependency section */
		B66DCC372780A20C007663D6 /* PBXTargetDependency */ = {
			isa = PBXTargetDependency;
			target = B66DCC242780A209007663D6 /* PCSwiftUI */;
			targetProxy = B66DCC362780A20C007663D6 /* PBXContainerItemProxy */;
		};
		B66DCC412780A20C007663D6 /* PBXTargetDependency */ = {
			isa = PBXTargetDependency;
			target = B66DCC242780A209007663D6 /* PCSwiftUI */;
			targetProxy = B66DCC402780A20C007663D6 /* PBXContainerItemProxy */;
		};
/* End PBXTargetDependency section */

/* Begin XCBuildConfiguration section */
		B66DCC472780A20C007663D6 /* Debug */ = {
			isa = XCBuildConfiguration;
			baseConfigurationReference = B64F11FC2785CA20001C5AB0 /* Project.Debug.xcconfig */;
			buildSettings = {
				ALWAYS_SEARCH_USER_PATHS = NO;
				CLANG_ANALYZER_NONNULL = YES;
				CLANG_ANALYZER_NUMBER_OBJECT_CONVERSION = YES_AGGRESSIVE;
				CLANG_CXX_LANGUAGE_STANDARD = "gnu++17";
				CLANG_CXX_LIBRARY = "libc++";
				CLANG_ENABLE_MODULES = YES;
				CLANG_ENABLE_OBJC_ARC = YES;
				CLANG_ENABLE_OBJC_WEAK = YES;
				CLANG_WARN_BLOCK_CAPTURE_AUTORELEASING = YES;
				CLANG_WARN_BOOL_CONVERSION = YES;
				CLANG_WARN_COMMA = YES;
				CLANG_WARN_CONSTANT_CONVERSION = YES;
				CLANG_WARN_DEPRECATED_OBJC_IMPLEMENTATIONS = YES;
				CLANG_WARN_DIRECT_OBJC_ISA_USAGE = YES_ERROR;
				CLANG_WARN_DOCUMENTATION_COMMENTS = YES;
				CLANG_WARN_EMPTY_BODY = YES;
				CLANG_WARN_ENUM_CONVERSION = YES;
				CLANG_WARN_INFINITE_RECURSION = YES;
				CLANG_WARN_INT_CONVERSION = YES;
				CLANG_WARN_NON_LITERAL_NULL_CONVERSION = YES;
				CLANG_WARN_OBJC_IMPLICIT_RETAIN_SELF = YES;
				CLANG_WARN_OBJC_LITERAL_CONVERSION = YES;
				CLANG_WARN_OBJC_ROOT_CLASS = YES_ERROR;
				CLANG_WARN_QUOTED_INCLUDE_IN_FRAMEWORK_HEADER = YES;
				CLANG_WARN_RANGE_LOOP_ANALYSIS = YES;
				CLANG_WARN_STRICT_PROTOTYPES = YES;
				CLANG_WARN_SUSPICIOUS_MOVE = YES;
				CLANG_WARN_UNGUARDED_AVAILABILITY = YES_AGGRESSIVE;
				CLANG_WARN_UNREACHABLE_CODE = YES;
				CLANG_WARN__DUPLICATE_METHOD_MATCH = YES;
				COPY_PHASE_STRIP = NO;
				DEBUG_INFORMATION_FORMAT = dwarf;
				ENABLE_STRICT_OBJC_MSGSEND = YES;
				ENABLE_TESTABILITY = YES;
				GCC_C_LANGUAGE_STANDARD = gnu11;
				GCC_DYNAMIC_NO_PIC = NO;
				GCC_NO_COMMON_BLOCKS = YES;
				GCC_OPTIMIZATION_LEVEL = 0;
				GCC_PREPROCESSOR_DEFINITIONS = (
					"DEBUG=1",
					"$(inherited)",
				);
				GCC_WARN_64_TO_32_BIT_CONVERSION = YES;
				GCC_WARN_ABOUT_RETURN_TYPE = YES_ERROR;
				GCC_WARN_UNDECLARED_SELECTOR = YES;
				GCC_WARN_UNINITIALIZED_AUTOS = YES_AGGRESSIVE;
				GCC_WARN_UNUSED_FUNCTION = YES;
				GCC_WARN_UNUSED_VARIABLE = YES;
				IPHONEOS_DEPLOYMENT_TARGET = 14.0;
				MTL_ENABLE_DEBUG_INFO = INCLUDE_SOURCE;
				MTL_FAST_MATH = YES;
				ONLY_ACTIVE_ARCH = YES;
				SDKROOT = iphoneos;
				SWIFT_ACTIVE_COMPILATION_CONDITIONS = DEBUG;
				SWIFT_OPTIMIZATION_LEVEL = "-Onone";
			};
			name = Debug;
		};
		B66DCC482780A20C007663D6 /* Release */ = {
			isa = XCBuildConfiguration;
			baseConfigurationReference = B64F11FD2785CA6E001C5AB0 /* Project.Release.xcconfig */;
			buildSettings = {
				ALWAYS_SEARCH_USER_PATHS = NO;
				CLANG_ANALYZER_NONNULL = YES;
				CLANG_ANALYZER_NUMBER_OBJECT_CONVERSION = YES_AGGRESSIVE;
				CLANG_CXX_LANGUAGE_STANDARD = "gnu++17";
				CLANG_CXX_LIBRARY = "libc++";
				CLANG_ENABLE_MODULES = YES;
				CLANG_ENABLE_OBJC_ARC = YES;
				CLANG_ENABLE_OBJC_WEAK = YES;
				CLANG_WARN_BLOCK_CAPTURE_AUTORELEASING = YES;
				CLANG_WARN_BOOL_CONVERSION = YES;
				CLANG_WARN_COMMA = YES;
				CLANG_WARN_CONSTANT_CONVERSION = YES;
				CLANG_WARN_DEPRECATED_OBJC_IMPLEMENTATIONS = YES;
				CLANG_WARN_DIRECT_OBJC_ISA_USAGE = YES_ERROR;
				CLANG_WARN_DOCUMENTATION_COMMENTS = YES;
				CLANG_WARN_EMPTY_BODY = YES;
				CLANG_WARN_ENUM_CONVERSION = YES;
				CLANG_WARN_INFINITE_RECURSION = YES;
				CLANG_WARN_INT_CONVERSION = YES;
				CLANG_WARN_NON_LITERAL_NULL_CONVERSION = YES;
				CLANG_WARN_OBJC_IMPLICIT_RETAIN_SELF = YES;
				CLANG_WARN_OBJC_LITERAL_CONVERSION = YES;
				CLANG_WARN_OBJC_ROOT_CLASS = YES_ERROR;
				CLANG_WARN_QUOTED_INCLUDE_IN_FRAMEWORK_HEADER = YES;
				CLANG_WARN_RANGE_LOOP_ANALYSIS = YES;
				CLANG_WARN_STRICT_PROTOTYPES = YES;
				CLANG_WARN_SUSPICIOUS_MOVE = YES;
				CLANG_WARN_UNGUARDED_AVAILABILITY = YES_AGGRESSIVE;
				CLANG_WARN_UNREACHABLE_CODE = YES;
				CLANG_WARN__DUPLICATE_METHOD_MATCH = YES;
				COPY_PHASE_STRIP = NO;
				DEBUG_INFORMATION_FORMAT = "dwarf-with-dsym";
				ENABLE_NS_ASSERTIONS = NO;
				ENABLE_STRICT_OBJC_MSGSEND = YES;
				GCC_C_LANGUAGE_STANDARD = gnu11;
				GCC_NO_COMMON_BLOCKS = YES;
				GCC_WARN_64_TO_32_BIT_CONVERSION = YES;
				GCC_WARN_ABOUT_RETURN_TYPE = YES_ERROR;
				GCC_WARN_UNDECLARED_SELECTOR = YES;
				GCC_WARN_UNINITIALIZED_AUTOS = YES_AGGRESSIVE;
				GCC_WARN_UNUSED_FUNCTION = YES;
				GCC_WARN_UNUSED_VARIABLE = YES;
				IPHONEOS_DEPLOYMENT_TARGET = 14.0;
				MTL_ENABLE_DEBUG_INFO = NO;
				MTL_FAST_MATH = YES;
				SDKROOT = iphoneos;
				SWIFT_COMPILATION_MODE = wholemodule;
				SWIFT_OPTIMIZATION_LEVEL = "-O";
				VALIDATE_PRODUCT = YES;
			};
			name = Release;
		};
		B66DCC4A2780A20C007663D6 /* Debug */ = {
			isa = XCBuildConfiguration;
			baseConfigurationReference = B64F11FC2785CA20001C5AB0 /* Project.Debug.xcconfig */;
			buildSettings = {
			};
			name = Debug;
		};
		B66DCC4B2780A20C007663D6 /* Release */ = {
			isa = XCBuildConfiguration;
			baseConfigurationReference = B64F11FD2785CA6E001C5AB0 /* Project.Release.xcconfig */;
			buildSettings = {
			};
			name = Release;
		};
		B66DCC4D2780A20C007663D6 /* Debug */ = {
			isa = XCBuildConfiguration;
			buildSettings = {
				ALWAYS_EMBED_SWIFT_STANDARD_LIBRARIES = YES;
				BUNDLE_LOADER = "$(TEST_HOST)";
				CODE_SIGN_STYLE = Automatic;
				CURRENT_PROJECT_VERSION = 1;
				DEVELOPMENT_TEAM = B8PR34D6DP;
				GENERATE_INFOPLIST_FILE = YES;
				IPHONEOS_DEPLOYMENT_TARGET = 14.0;
				LD_RUNPATH_SEARCH_PATHS = (
					"$(inherited)",
					"@executable_path/Frameworks",
					"@loader_path/Frameworks",
				);
				MARKETING_VERSION = 1.0;
				PRODUCT_BUNDLE_IDENTIFIER = jp.yuoku.PCSwiftUITests;
				PRODUCT_NAME = "$(TARGET_NAME)";
				SWIFT_EMIT_LOC_STRINGS = NO;
				SWIFT_VERSION = 5.0;
				TARGETED_DEVICE_FAMILY = "1,2";
				TEST_HOST = "$(BUILT_PRODUCTS_DIR)/PCSwiftUI.app/PCSwiftUI";
			};
			name = Debug;
		};
		B66DCC4E2780A20C007663D6 /* Release */ = {
			isa = XCBuildConfiguration;
			buildSettings = {
				ALWAYS_EMBED_SWIFT_STANDARD_LIBRARIES = YES;
				BUNDLE_LOADER = "$(TEST_HOST)";
				CODE_SIGN_STYLE = Automatic;
				CURRENT_PROJECT_VERSION = 1;
				DEVELOPMENT_TEAM = B8PR34D6DP;
				GENERATE_INFOPLIST_FILE = YES;
				IPHONEOS_DEPLOYMENT_TARGET = 14.0;
				LD_RUNPATH_SEARCH_PATHS = (
					"$(inherited)",
					"@executable_path/Frameworks",
					"@loader_path/Frameworks",
				);
				MARKETING_VERSION = 1.0;
				PRODUCT_BUNDLE_IDENTIFIER = jp.yuoku.PCSwiftUITests;
				PRODUCT_NAME = "$(TARGET_NAME)";
				SWIFT_EMIT_LOC_STRINGS = NO;
				SWIFT_VERSION = 5.0;
				TARGETED_DEVICE_FAMILY = "1,2";
				TEST_HOST = "$(BUILT_PRODUCTS_DIR)/PCSwiftUI.app/PCSwiftUI";
			};
			name = Release;
		};
		B66DCC502780A20C007663D6 /* Debug */ = {
			isa = XCBuildConfiguration;
			buildSettings = {
				ALWAYS_EMBED_SWIFT_STANDARD_LIBRARIES = YES;
				CODE_SIGN_STYLE = Automatic;
				CURRENT_PROJECT_VERSION = 1;
				DEVELOPMENT_TEAM = B8PR34D6DP;
				GENERATE_INFOPLIST_FILE = YES;
				LD_RUNPATH_SEARCH_PATHS = (
					"$(inherited)",
					"@executable_path/Frameworks",
					"@loader_path/Frameworks",
				);
				MARKETING_VERSION = 1.0;
				PRODUCT_BUNDLE_IDENTIFIER = jp.yuoku.PCSwiftUIUITests;
				PRODUCT_NAME = "$(TARGET_NAME)";
				SWIFT_EMIT_LOC_STRINGS = NO;
				SWIFT_VERSION = 5.0;
				TARGETED_DEVICE_FAMILY = "1,2";
				TEST_TARGET_NAME = PCSwiftUI;
			};
			name = Debug;
		};
		B66DCC512780A20C007663D6 /* Release */ = {
			isa = XCBuildConfiguration;
			buildSettings = {
				ALWAYS_EMBED_SWIFT_STANDARD_LIBRARIES = YES;
				CODE_SIGN_STYLE = Automatic;
				CURRENT_PROJECT_VERSION = 1;
				DEVELOPMENT_TEAM = B8PR34D6DP;
				GENERATE_INFOPLIST_FILE = YES;
				LD_RUNPATH_SEARCH_PATHS = (
					"$(inherited)",
					"@executable_path/Frameworks",
					"@loader_path/Frameworks",
				);
				MARKETING_VERSION = 1.0;
				PRODUCT_BUNDLE_IDENTIFIER = jp.yuoku.PCSwiftUIUITests;
				PRODUCT_NAME = "$(TARGET_NAME)";
				SWIFT_EMIT_LOC_STRINGS = NO;
				SWIFT_VERSION = 5.0;
				TARGETED_DEVICE_FAMILY = "1,2";
				TEST_TARGET_NAME = PCSwiftUI;
			};
			name = Release;
		};
/* End XCBuildConfiguration section */

/* Begin XCConfigurationList section */
		B66DCC202780A209007663D6 /* Build configuration list for PBXProject "PCSwiftUI" */ = {
			isa = XCConfigurationList;
			buildConfigurations = (
				B66DCC472780A20C007663D6 /* Debug */,
				B66DCC482780A20C007663D6 /* Release */,
			);
			defaultConfigurationIsVisible = 0;
			defaultConfigurationName = Release;
		};
		B66DCC492780A20C007663D6 /* Build configuration list for PBXNativeTarget "PCSwiftUI" */ = {
			isa = XCConfigurationList;
			buildConfigurations = (
				B66DCC4A2780A20C007663D6 /* Debug */,
				B66DCC4B2780A20C007663D6 /* Release */,
			);
			defaultConfigurationIsVisible = 0;
			defaultConfigurationName = Release;
		};
		B66DCC4C2780A20C007663D6 /* Build configuration list for PBXNativeTarget "PCSwiftUITests" */ = {
			isa = XCConfigurationList;
			buildConfigurations = (
				B66DCC4D2780A20C007663D6 /* Debug */,
				B66DCC4E2780A20C007663D6 /* Release */,
			);
			defaultConfigurationIsVisible = 0;
			defaultConfigurationName = Release;
		};
		B66DCC4F2780A20C007663D6 /* Build configuration list for PBXNativeTarget "PCSwiftUIUITests" */ = {
			isa = XCConfigurationList;
			buildConfigurations = (
				B66DCC502780A20C007663D6 /* Debug */,
				B66DCC512780A20C007663D6 /* Release */,
			);
			defaultConfigurationIsVisible = 0;
			defaultConfigurationName = Release;
		};
/* End XCConfigurationList section */

/* Begin XCRemoteSwiftPackageReference section */
		B64F12222785FA52001C5AB0 /* XCRemoteSwiftPackageReference "swift-request" */ = {
			isa = XCRemoteSwiftPackageReference;
			repositoryURL = "https://github.com/carson-katri/swift-request";
			requirement = {
				kind = exactVersion;
				version = 1.4.0;
			};
		};
/* End XCRemoteSwiftPackageReference section */

/* Begin XCSwiftPackageProductDependency section */
		B64F12232785FA52001C5AB0 /* Json */ = {
			isa = XCSwiftPackageProductDependency;
			package = B64F12222785FA52001C5AB0 /* XCRemoteSwiftPackageReference "swift-request" */;
			productName = Json;
		};
		B64F12252785FA52001C5AB0 /* Request */ = {
			isa = XCSwiftPackageProductDependency;
			package = B64F12222785FA52001C5AB0 /* XCRemoteSwiftPackageReference "swift-request" */;
			productName = Request;
		};
/* End XCSwiftPackageProductDependency section */
	};
	rootObject = B66DCC1D2780A209007663D6 /* Project object */;
}
